
Microsoft Visual Studio Solution File, Format Version 12.00
# Visual Studio Version 17
VisualStudioVersion = 17.2.32630.192
MinimumVisualStudioVersion = 10.0.40219.1
Project("{9A19103F-16F7-4668-BE54-9A1E7A4F7556}") = "UrlShortener", "UrlShortener\UrlShortener.csproj", "{1FAC7F00-0AE6-4840-A3B4-5A7E682BBCAB}"
EndProject
Project("{2150E333-8FDC-42A3-9474-1A3956D46DE8}") = "src", "src", "{0038FE4C-5EDA-4BF8-825D-DD715E9F6552}"
EndProject
Global
	GlobalSection(SolutionConfigurationPlatforms) = preSolution
		Debug|Any CPU = Debug|Any CPU
		Release|Any CPU = Release|Any CPU
	EndGlobalSection
	GlobalSection(ProjectConfigurationPlatforms) = postSolution
		{1FAC7F00-0AE6-4840-A3B4-5A7E682BBCAB}.Debug|Any CPU.ActiveCfg = Debug|Any CPU
		{1FAC7F00-0AE6-4840-A3B4-5A7E682BBCAB}.Debug|Any CPU.Build.0 = Debug|Any CPU
		{1FAC7F00-0AE6-4840-A3B4-5A7E682BBCAB}.Release|Any CPU.ActiveCfg = Release|Any CPU
		{1FAC7F00-0AE6-4840-A3B4-5A7E682BBCAB}.Release|Any CPU.Build.0 = Release|Any CPU
	EndGlobalSection
	GlobalSection(SolutionProperties) = preSolution
		HideSolutionNode = FALSE
	EndGlobalSection
	GlobalSection(NestedProjects) = preSolution
		{1FAC7F00-0AE6-4840-A3B4-5A7E682BBCAB} = {0038FE4C-5EDA-4BF8-825D-DD715E9F6552}
	EndGlobalSection
	GlobalSection(ExtensibilityGlobals) = postSolution
		SolutionGuid = {C3D3E61B-E01A-45FD-ABED-AE4CB73946F6}
	EndGlobalSection
EndGlobal
